<Solution>
  <Folder Name="/services/" />
  <Folder Name="/services/estoque.tests/">
    <Project Path="services/estoque.tests/Estoque.Tests.csproj" />
  </Folder>
  <Folder Name="/services/estoque/">
    <Project Path="services/estoque/Estoque.csproj" />
  </Folder>
  <Folder Name="/services/faturamento/">
    <Project Path="services/faturamento/Faturamento.csproj" />
  </Folder>
</Solution>
